{
  "version": 4,
  "terraform_version": "1.7.4",
  "serial": 12,
  "lineage": "0a5bf043-ae93-b038-a869-332c0d5cceb0",
  "outputs": {
    "atlas_cluster_connection_string": {
      "value": "mongodb+srv://piklesfastfood-dev-clus.wrn7b.mongodb.net",
      "type": "string"
    },
    "ip_access_list": {
      "value": "",
      "type": "string"
    },
    "project_name": {
      "value": "piklesfastfood",
      "type": "string"
    },
    "user_password": {
      "value": "Fast.FoodMongo",
      "type": "string",
      "sensitive": true
    },
    "username": {
      "value": "piklesmongo",
      "type": "string"
    }
  },
  "resources": [
    {
      "mode": "data",
      "type": "mongodbatlas_advanced_cluster",
      "name": "atlas-cluster",
      "provider": "provider[\"registry.terraform.io/mongodb/mongodbatlas\"]",
      "instances": [
        {
          "schema_version": 0,
          "attributes": {
            "advanced_configuration": [
              {
                "default_read_concern": "",
                "default_write_concern": "",
                "fail_index_key_too_long": false,
                "javascript_enabled": true,
                "minimum_enabled_tls_protocol": "TLS1_2",
                "no_table_scan": false,
                "oplog_min_retention_hours": 0,
                "oplog_size_mb": 0,
                "sample_refresh_interval_bi_connector": 0,
                "sample_size_bi_connector": 0,
                "transaction_lifetime_limit_seconds": 0
              }
            ],
            "backup_enabled": true,
            "bi_connector_config": [
              {
                "enabled": false,
                "read_preference": "secondary"
              }
            ],
            "cluster_type": "REPLICASET",
            "connection_strings": [
              {
                "private": "",
                "private_endpoint": [
                  {
                    "connection_string": "mongodb://pl-0-us-east-1.wrn7b.mongodb.net:1024,pl-0-us-east-1.wrn7b.mongodb.net:1025,pl-0-us-east-1.wrn7b.mongodb.net:1026,pl-0-us-east-1.wrn7b.mongodb.net:1027/?ssl=true\u0026authSource=admin\u0026replicaSet=atlas-541d9t-shard-0",
                    "endpoints": [
                      {
                        "endpoint_id": "vpce-0e74de0075c396b96",
                        "provider_name": "AWS",
                        "region": "US_EAST_1"
                      }
                    ],
                    "srv_connection_string": "mongodb+srv://piklesfastfood-dev-cluster-pl-0.wrn7b.mongodb.net",
                    "srv_shard_optimized_connection_string": "",
                    "type": "MONGOD"
                  }
                ],
                "private_srv": "",
                "standard": "mongodb://piklesfastfood-dev-clus-shard-00-00.wrn7b.mongodb.net:27017,piklesfastfood-dev-clus-shard-00-01.wrn7b.mongodb.net:27017,piklesfastfood-dev-clus-shard-00-02.wrn7b.mongodb.net:27017,piklesfastfood-dev-clus-shard-00-03.wrn7b.mongodb.net:27017/?ssl=true\u0026authSource=admin\u0026replicaSet=atlas-541d9t-shard-0",
                "standard_srv": "mongodb+srv://piklesfastfood-dev-clus.wrn7b.mongodb.net"
              }
            ],
            "create_date": "2024-05-14T00:24:56Z",
            "disk_size_gb": 10,
            "encryption_at_rest_provider": "NONE",
            "id": "6642af58367aeb2e688ea0e1",
            "labels": [],
            "mongo_db_major_version": "6.0",
            "mongo_db_version": "6.0.15",
            "name": "piklesfastfood-dev-cluster",
            "paused": false,
            "pit_enabled": false,
            "project_id": "6642af510ccd7a582391936a",
            "replication_specs": [
              {
                "container_id": {
                  "AWS:US_EAST_1": "6642af57e599164cd463cb5e"
                },
                "id": "6642af57367aeb2e688ea0d3",
                "num_shards": 1,
                "region_configs": [
                  {
                    "analytics_auto_scaling": [],
                    "analytics_specs": [
                      {
                        "disk_iops": 3000,
                        "ebs_volume_type": "STANDARD",
                        "instance_size": "M10",
                        "node_count": 1
                      }
                    ],
                    "auto_scaling": [
                      {
                        "compute_enabled": false,
                        "compute_max_instance_size": "",
                        "compute_min_instance_size": "",
                        "compute_scale_down_enabled": false,
                        "disk_gb_enabled": false
                      }
                    ],
                    "backing_provider_name": "",
                    "electable_specs": [
                      {
                        "disk_iops": 3000,
                        "ebs_volume_type": "STANDARD",
                        "instance_size": "M10",
                        "node_count": 3
                      }
                    ],
                    "priority": 7,
                    "provider_name": "AWS",
                    "read_only_specs": [
                      {
                        "disk_iops": 3000,
                        "ebs_volume_type": "STANDARD",
                        "instance_size": "M10",
                        "node_count": 0
                      }
                    ],
                    "region_name": "US_EAST_1"
                  }
                ],
                "zone_name": "ZoneName managed by Terraform"
              }
            ],
            "root_cert_type": "ISRGROOTX1",
            "state_name": "IDLE",
            "tags": [],
            "termination_protection_enabled": false,
            "version_release_system": "LTS"
          },
          "sensitive_attributes": []
        }
      ]
    },
    {
      "mode": "managed",
      "type": "aws_security_group",
      "name": "sg-mongo",
      "provider": "provider[\"registry.terraform.io/hashicorp/aws\"]",
      "instances": [
        {
          "schema_version": 1,
          "attributes": {
            "arn": "arn:aws:ec2:us-east-1:399256494712:security-group/sg-0aa88b63cd1c20dad",
            "description": "piklesfastfood",
            "egress": [
              {
                "cidr_blocks": [
                  "0.0.0.0/0"
                ],
                "description": "All",
                "from_port": 0,
                "ipv6_cidr_blocks": [],
                "prefix_list_ids": [],
                "protocol": "-1",
                "security_groups": [],
                "self": false,
                "to_port": 0
              }
            ],
            "id": "sg-0aa88b63cd1c20dad",
            "ingress": [
              {
                "cidr_blocks": [
                  "0.0.0.0/0"
                ],
                "description": "Todos",
                "from_port": 27017,
                "ipv6_cidr_blocks": [],
                "prefix_list_ids": [],
                "protocol": "tcp",
                "security_groups": [],
                "self": false,
                "to_port": 27017
              }
            ],
            "name": "SG-piklesfastfood-mongo",
            "name_prefix": "",
            "owner_id": "399256494712",
            "revoke_rules_on_delete": false,
            "tags": {},
            "tags_all": {},
            "timeouts": null,
            "vpc_id": "vpc-08f3bbc7c4e42c93c"
          },
          "sensitive_attributes": [],
          "private": "eyJlMmJmYjczMC1lY2FhLTExZTYtOGY4OC0zNDM2M2JjN2M0YzAiOnsiY3JlYXRlIjo2MDAwMDAwMDAwMDAsImRlbGV0ZSI6OTAwMDAwMDAwMDAwfSwic2NoZW1hX3ZlcnNpb24iOiIxIn0="
        }
      ]
    },
    {
      "mode": "managed",
      "type": "aws_vpc_endpoint",
      "name": "ptfe_service",
      "provider": "provider[\"registry.terraform.io/hashicorp/aws\"]",
      "instances": [
        {
          "schema_version": 0,
          "attributes": {
            "arn": "arn:aws:ec2:us-east-1:399256494712:vpc-endpoint/vpce-0e74de0075c396b96",
            "auto_accept": null,
            "cidr_blocks": [],
            "dns_entry": [
              {
                "dns_name": "vpce-0e74de0075c396b96-zk843p0l.vpce-svc-0e778bd918cd0482c.us-east-1.vpce.amazonaws.com",
                "hosted_zone_id": "Z7HUB22UULQXV"
              },
              {
                "dns_name": "vpce-0e74de0075c396b96-zk843p0l-us-east-1a.vpce-svc-0e778bd918cd0482c.us-east-1.vpce.amazonaws.com",
                "hosted_zone_id": "Z7HUB22UULQXV"
              },
              {
                "dns_name": "vpce-0e74de0075c396b96-zk843p0l-us-east-1b.vpce-svc-0e778bd918cd0482c.us-east-1.vpce.amazonaws.com",
                "hosted_zone_id": "Z7HUB22UULQXV"
              },
              {
                "dns_name": "vpce-0e74de0075c396b96-zk843p0l-us-east-1c.vpce-svc-0e778bd918cd0482c.us-east-1.vpce.amazonaws.com",
                "hosted_zone_id": "Z7HUB22UULQXV"
              }
            ],
            "dns_options": [
              {
                "dns_record_ip_type": "ipv4",
                "private_dns_only_for_inbound_resolver_endpoint": false
              }
            ],
            "id": "vpce-0e74de0075c396b96",
            "ip_address_type": "ipv4",
            "network_interface_ids": [
              "eni-000db6fa125b99887",
              "eni-007d54b707ee4a928",
              "eni-0611ea7b0c3fb3c80"
            ],
            "owner_id": "399256494712",
            "policy": "{\"Statement\":[{\"Action\":\"*\",\"Effect\":\"Allow\",\"Principal\":\"*\",\"Resource\":\"*\"}]}",
            "prefix_list_id": null,
            "private_dns_enabled": false,
            "requester_managed": false,
            "route_table_ids": [],
            "security_group_ids": [
              "sg-0aa88b63cd1c20dad"
            ],
            "service_name": "com.amazonaws.vpce.us-east-1.vpce-svc-0e778bd918cd0482c",
            "state": "pendingAcceptance",
            "subnet_ids": [
              "subnet-011f7c6725a0762c2",
              "subnet-09c14a2af7b8cb156",
              "subnet-0f66ca21ac6435d4a"
            ],
            "tags": null,
            "tags_all": {},
            "timeouts": null,
            "vpc_endpoint_type": "Interface",
            "vpc_id": "vpc-08f3bbc7c4e42c93c"
          },
          "sensitive_attributes": [],
          "private": "eyJlMmJmYjczMC1lY2FhLTExZTYtOGY4OC0zNDM2M2JjN2M0YzAiOnsiY3JlYXRlIjo2MDAwMDAwMDAwMDAsImRlbGV0ZSI6NjAwMDAwMDAwMDAwLCJ1cGRhdGUiOjYwMDAwMDAwMDAwMH19",
          "dependencies": [
            "aws_security_group.sg-mongo",
            "mongodbatlas_privatelink_endpoint.atlaspl",
            "mongodbatlas_project.atlas-project"
          ]
        }
      ]
    },
    {
      "mode": "managed",
      "type": "mongodbatlas_advanced_cluster",
      "name": "atlas-cluster",
      "provider": "provider[\"registry.terraform.io/mongodb/mongodbatlas\"]",
      "instances": [
        {
          "schema_version": 1,
          "attributes": {
            "accept_data_risks_and_force_replica_set_reconfig": "",
            "advanced_configuration": [
              {
                "default_read_concern": "",
                "default_write_concern": "",
                "fail_index_key_too_long": false,
                "javascript_enabled": true,
                "minimum_enabled_tls_protocol": "TLS1_2",
                "no_table_scan": false,
                "oplog_min_retention_hours": 0,
                "oplog_size_mb": 0,
                "sample_refresh_interval_bi_connector": 0,
                "sample_size_bi_connector": 0,
                "transaction_lifetime_limit_seconds": 0
              }
            ],
            "backup_enabled": true,
            "bi_connector_config": [
              {
                "enabled": false,
                "read_preference": "secondary"
              }
            ],
            "cluster_id": "6642af58367aeb2e688ea0e1",
            "cluster_type": "REPLICASET",
            "connection_strings": [
              {
                "private": "",
                "private_endpoint": [
                  {
                    "connection_string": "mongodb://pl-0-us-east-1.wrn7b.mongodb.net:1024,pl-0-us-east-1.wrn7b.mongodb.net:1025,pl-0-us-east-1.wrn7b.mongodb.net:1026,pl-0-us-east-1.wrn7b.mongodb.net:1027/?ssl=true\u0026authSource=admin\u0026replicaSet=atlas-541d9t-shard-0",
                    "endpoints": [
                      {
                        "endpoint_id": "vpce-0e74de0075c396b96",
                        "provider_name": "AWS",
                        "region": "US_EAST_1"
                      }
                    ],
                    "srv_connection_string": "mongodb+srv://piklesfastfood-dev-cluster-pl-0.wrn7b.mongodb.net",
                    "srv_shard_optimized_connection_string": "",
                    "type": "MONGOD"
                  }
                ],
                "private_srv": "",
                "standard": "mongodb://piklesfastfood-dev-clus-shard-00-00.wrn7b.mongodb.net:27017,piklesfastfood-dev-clus-shard-00-01.wrn7b.mongodb.net:27017,piklesfastfood-dev-clus-shard-00-02.wrn7b.mongodb.net:27017,piklesfastfood-dev-clus-shard-00-03.wrn7b.mongodb.net:27017/?ssl=true\u0026authSource=admin\u0026replicaSet=atlas-541d9t-shard-0",
                "standard_srv": "mongodb+srv://piklesfastfood-dev-clus.wrn7b.mongodb.net"
              }
            ],
            "create_date": "2024-05-14T00:24:56Z",
            "disk_size_gb": 10,
            "encryption_at_rest_provider": "NONE",
            "id": "Y2x1c3Rlcl9pZA==:NjY0MmFmNTgzNjdhZWIyZTY4OGVhMGUx-Y2x1c3Rlcl9uYW1l:cGlrbGVzZmFzdGZvb2QtZGV2LWNsdXN0ZXI=-cHJvamVjdF9pZA==:NjY0MmFmNTEwY2NkN2E1ODIzOTE5MzZh",
            "labels": [],
            "mongo_db_major_version": "6.0",
            "mongo_db_version": "6.0.15",
            "name": "piklesfastfood-dev-cluster",
            "paused": false,
            "pit_enabled": false,
            "project_id": "6642af510ccd7a582391936a",
            "replication_specs": [
              {
                "container_id": {
                  "AWS:US_EAST_1": "6642af57e599164cd463cb5e"
                },
                "id": "6642af57367aeb2e688ea0d3",
                "num_shards": 1,
                "region_configs": [
                  {
                    "analytics_auto_scaling": [],
                    "analytics_specs": [
                      {
                        "disk_iops": 3000,
                        "ebs_volume_type": "",
                        "instance_size": "M10",
                        "node_count": 1
                      }
                    ],
                    "auto_scaling": [],
                    "backing_provider_name": "",
                    "electable_specs": [
                      {
                        "disk_iops": 3000,
                        "ebs_volume_type": "",
                        "instance_size": "M10",
                        "node_count": 3
                      }
                    ],
                    "priority": 7,
                    "provider_name": "AWS",
                    "read_only_specs": [],
                    "region_name": "US_EAST_1"
                  }
                ],
                "zone_name": "ZoneName managed by Terraform"
              }
            ],
            "retain_backups_enabled": null,
            "root_cert_type": "ISRGROOTX1",
            "state_name": "IDLE",
            "tags": [],
            "termination_protection_enabled": false,
            "timeouts": null,
            "version_release_system": "LTS"
          },
          "sensitive_attributes": [],
          "private": "eyJlMmJmYjczMC1lY2FhLTExZTYtOGY4OC0zNDM2M2JjN2M0YzAiOnsiY3JlYXRlIjoxMDgwMDAwMDAwMDAwMCwiZGVsZXRlIjoxMDgwMDAwMDAwMDAwMCwidXBkYXRlIjoxMDgwMDAwMDAwMDAwMH0sInNjaGVtYV92ZXJzaW9uIjoiMSJ9",
          "dependencies": [
            "mongodbatlas_project.atlas-project"
          ]
        }
      ]
    },
    {
      "mode": "managed",
      "type": "mongodbatlas_database_user",
      "name": "db-user",
      "provider": "provider[\"registry.terraform.io/mongodb/mongodbatlas\"]",
      "instances": [
        {
          "schema_version": 0,
          "attributes": {
            "auth_database_name": "admin",
            "aws_iam_type": "NONE",
            "id": "YXV0aF9kYXRhYmFzZV9uYW1l:YWRtaW4=-cHJvamVjdF9pZA==:NjY0MmFmNTEwY2NkN2E1ODIzOTE5MzZh-dXNlcm5hbWU=:cGlrbGVzbW9uZ28=",
            "labels": [],
            "ldap_auth_type": "NONE",
            "oidc_auth_type": "NONE",
            "password": "Fast.FoodMongo",
            "project_id": "6642af510ccd7a582391936a",
            "roles": [
              {
                "collection_name": null,
                "database_name": "piklesfastfood-db",
                "role_name": "readWrite"
              }
            ],
            "scopes": [],
            "username": "piklesmongo",
            "x509_type": "NONE"
          },
          "sensitive_attributes": [],
          "dependencies": [
            "mongodbatlas_project.atlas-project"
          ]
        }
      ]
    },
    {
      "mode": "managed",
      "type": "mongodbatlas_privatelink_endpoint",
      "name": "atlaspl",
      "provider": "provider[\"registry.terraform.io/mongodb/mongodbatlas\"]",
      "instances": [
        {
          "schema_version": 0,
          "attributes": {
            "endpoint_group_names": [],
            "endpoint_service_name": "com.amazonaws.vpce.us-east-1.vpce-svc-0e778bd918cd0482c",
            "error_message": "",
            "id": "cHJpdmF0ZV9saW5rX2lk:NjY0MmFmNTdlNTk5MTY0Y2Q0NjNjYjVk-cHJvamVjdF9pZA==:NjY0MmFmNTEwY2NkN2E1ODIzOTE5MzZh-cHJvdmlkZXJfbmFtZQ==:QVdT-cmVnaW9u:dXMtZWFzdC0x",
            "interface_endpoints": [],
            "private_endpoints": [],
            "private_link_id": "6642af57e599164cd463cb5d",
            "private_link_service_name": "",
            "private_link_service_resource_id": "",
            "project_id": "6642af510ccd7a582391936a",
            "provider_name": "AWS",
            "region": "us-east-1",
            "region_name": "US_EAST_1",
            "service_attachment_names": [],
            "status": "AVAILABLE",
            "timeouts": null
          },
          "sensitive_attributes": [],
          "private": "eyJlMmJmYjczMC1lY2FhLTExZTYtOGY4OC0zNDM2M2JjN2M0YzAiOnsiY3JlYXRlIjozNjAwMDAwMDAwMDAwLCJkZWxldGUiOjM2MDAwMDAwMDAwMDB9fQ==",
          "dependencies": [
            "mongodbatlas_project.atlas-project"
          ]
        }
      ]
    },
    {
      "mode": "managed",
      "type": "mongodbatlas_privatelink_endpoint_service",
      "name": "atlaseplink",
      "provider": "provider[\"registry.terraform.io/mongodb/mongodbatlas\"]",
      "instances": [
        {
          "schema_version": 0,
          "attributes": {
            "aws_connection_status": "AVAILABLE",
            "azure_status": null,
            "delete_requested": false,
            "endpoint_group_name": null,
            "endpoint_service_id": "vpce-0e74de0075c396b96",
            "endpoints": [],
            "error_message": "",
            "gcp_project_id": null,
            "gcp_status": null,
            "id": "ZW5kcG9pbnRfc2VydmljZV9pZA==:dnBjZS0wZTc0ZGUwMDc1YzM5NmI5Ng==-cHJpdmF0ZV9saW5rX2lk:NjY0MmFmNTdlNTk5MTY0Y2Q0NjNjYjVk-cHJvamVjdF9pZA==:NjY0MmFmNTEwY2NkN2E1ODIzOTE5MzZh-cHJvdmlkZXJfbmFtZQ==:QVdT",
            "interface_endpoint_id": "vpce-0e74de0075c396b96",
            "private_endpoint_connection_name": "",
            "private_endpoint_ip_address": "",
            "private_endpoint_resource_id": "",
            "private_link_id": "cHJpdmF0ZV9saW5rX2lk:NjY0MmFmNTdlNTk5MTY0Y2Q0NjNjYjVk-cHJvamVjdF9pZA==:NjY0MmFmNTEwY2NkN2E1ODIzOTE5MzZh-cHJvdmlkZXJfbmFtZQ==:QVdT-cmVnaW9u:dXMtZWFzdC0x",
            "project_id": "6642af510ccd7a582391936a",
            "provider_name": "AWS",
            "timeouts": null
          },
          "sensitive_attributes": [],
          "private": "eyJlMmJmYjczMC1lY2FhLTExZTYtOGY4OC0zNDM2M2JjN2M0YzAiOnsiY3JlYXRlIjo3MjAwMDAwMDAwMDAwLCJkZWxldGUiOjcyMDAwMDAwMDAwMDB9fQ==",
          "dependencies": [
            "aws_security_group.sg-mongo",
            "aws_vpc_endpoint.ptfe_service",
            "mongodbatlas_privatelink_endpoint.atlaspl",
            "mongodbatlas_project.atlas-project"
          ]
        }
      ]
    },
    {
      "mode": "managed",
      "type": "mongodbatlas_project",
      "name": "atlas-project",
      "provider": "provider[\"registry.terraform.io/mongodb/mongodbatlas\"]",
      "instances": [
        {
          "schema_version": 0,
          "attributes": {
            "cluster_count": 0,
            "created": "2024-05-14T00:24:52Z",
            "id": "6642af510ccd7a582391936a",
            "ip_addresses": {
              "services": {
                "clusters": []
              }
            },
            "is_collect_database_specifics_statistics_enabled": true,
            "is_data_explorer_enabled": true,
            "is_extended_storage_sizes_enabled": false,
            "is_performance_advisor_enabled": true,
            "is_realtime_performance_panel_enabled": true,
            "is_schema_advisor_enabled": true,
            "limits": [],
            "name": "piklesfastfood",
            "org_id": "6126a5978a14ea06619bad16",
            "project_owner_id": null,
            "region_usage_restrictions": null,
            "tags": null,
            "teams": [],
            "with_default_alerts_settings": true
          },
          "sensitive_attributes": []
        }
      ]
    },
    {
      "mode": "managed",
      "type": "mongodbatlas_project_ip_access_list",
      "name": "ip",
      "provider": "provider[\"registry.terraform.io/mongodb/mongodbatlas\"]",
      "instances": [
        {
          "schema_version": 0,
          "attributes": {
            "aws_security_group": "",
            "cidr_block": "0.0.0.0/0",
            "comment": "",
            "id": "ZW50cnk=:MC4wLjAuMC8w-cHJvamVjdF9pZA==:NjY0MmFmNTEwY2NkN2E1ODIzOTE5MzZh",
            "ip_address": "",
            "project_id": "6642af510ccd7a582391936a",
            "timeouts": null
          },
          "sensitive_attributes": [],
          "dependencies": [
            "mongodbatlas_project.atlas-project"
          ]
        }
      ]
    }
  ],
  "check_results": null
}
